// !$*UTF8*$!
{
	archiveVersion = 1;
	classes = {
	};
	objectVersion = 46;
	objects = {

/* Begin PBXBuildFile section */
		94329F4F1CA9B9C000FF3196 /* AppDelegate.swift in Sources */ = {isa = PBXBuildFile; fileRef = 94329F4E1CA9B9C000FF3196 /* AppDelegate.swift */; };
		94329F511CA9B9C000FF3196 /* ViewController.swift in Sources */ = {isa = PBXBuildFile; fileRef = 94329F501CA9B9C000FF3196 /* ViewController.swift */; };
		94329F541CA9B9C000FF3196 /* Main.storyboard in Resources */ = {isa = PBXBuildFile; fileRef = 94329F521CA9B9C000FF3196 /* Main.storyboard */; };
		94329F561CA9B9C000FF3196 /* Assets.xcassets in Resources */ = {isa = PBXBuildFile; fileRef = 94329F551CA9B9C000FF3196 /* Assets.xcassets */; };
		94329F591CA9B9C000FF3196 /* LaunchScreen.storyboard in Resources */ = {isa = PBXBuildFile; fileRef = 94329F571CA9B9C000FF3196 /* LaunchScreen.storyboard */; };
/* End PBXBuildFile section */

/* Begin PBXFileReference section */
		94329F4B1CA9B9C000FF3196 /* Pet-Monster.app */ = {isa = PBXFileReference; explicitFileType = wrapper.application; includeInIndex = 0; path = "Pet-Monster.app"; sourceTree = BUILT_PRODUCTS_DIR; };
		94329F4E1CA9B9C000FF3196 /* AppDelegate.swift */ = {isa = PBXFileReference; lastKnownFileType = sourcecode.swift; path = AppDelegate.swift; sourceTree = "<group>"; };
		94329F501CA9B9C000FF3196 /* ViewController.swift */ = {isa = PBXFileReference; lastKnownFileType = sourcecode.swift; path = ViewController.swift; sourceTree = "<group>"; };
		94329F531CA9B9C000FF3196 /* Base */ = {isa = PBXFileReference; lastKnownFileType = file.storyboard; name = Base; path = Base.lproj/Main.storyboard; sourceTree = "<group>"; };
		94329F551CA9B9C000FF3196 /* Assets.xcassets */ = {isa = PBXFileReference; lastKnownFileType = folder.assetcatalog; path = Assets.xcassets; sourceTree = "<group>"; };
		94329F581CA9B9C000FF3196 /* Base */ = {isa = PBXFileReference; lastKnownFileType = file.storyboard; name = Base; path = Base.lproj/LaunchScreen.storyboard; sourceTree = "<group>"; };
		94329F5A1CA9B9C000FF3196 /* Info.plist */ = {isa = PBXFileReference; lastKnownFileType = text.plist.xml; path = Info.plist; sourceTree = "<group>"; };
/* End PBXFileReference section */

/* Begin PBXFrameworksBuildPhase section */
		94329F481CA9B9C000FF3196 /* Frameworks */ = {
			isa = PBXFrameworksBuildPhase;
			buildActionMask = 2147483647;
			files = (
			);
			runOnlyForDeploymentPostprocessing = 0;
		};
/* End PBXFrameworksBuildPhase section */

/* Begin PBXGroup section */
		94329F421CA9B9C000FF3196 = {
			isa = PBXGroup;
			children = (
				94329F4D1CA9B9C000FF3196 /* Pet-Monster */,
				94329F4C1CA9B9C000FF3196 /* Products */,
			);
			sourceTree = "<group>";
		};
		94329F4C1CA9B9C000FF3196 /* Products */ = {
			isa = PBXGroup;
			children = (
				94329F4B1CA9B9C000FF3196 /* Pet-Monster.app */,
			);
			name = Products;
			sourceTree = "<group>";
		};
		94329F4D1CA9B9C000FF3196 /* Pet-Monster */ = {
			isa = PBXGroup;
			children = (
				94329F4E1CA9B9C000FF3196 /* AppDelegate.swift */,
				94329F501CA9B9C000FF3196 /* ViewController.swift */,
				94329F521CA9B9C000FF3196 /* Main.storyboard */,
				94329F551CA9B9C000FF3196 /* Assets.xcassets */,
				94329F571CA9B9C000FF3196 /* LaunchScreen.storyboard */,
				94329F5A1CA9B9C000FF3196 /* Info.plist */,
			);
			path = "Pet-Monster";
			sourceTree = "<group>";
		};
/* End PBXGroup section */

/* Begin PBXNativeTarget section */
		94329F4A1CA9B9C000FF3196 /* Pet-Monster */ = {
			isa = PBXNativeTarget;
			buildConfigurationList = 94329F5D1CA9B9C000FF3196 /* Build configuration list for PBXNativeTarget "Pet-Monster" */;
			buildPhases = (
				94329F471CA9B9C000FF3196 /* Sources */,
				94329F481CA9B9C000FF3196 /* Frameworks */,
				94329F491CA9B9C000FF3196 /* Resources */,
			);
			buildRules = (
			);
			dependencies = (
			);
			name = "Pet-Monster";
			productName = "Pet-Monster";
			productReference = 94329F4B1CA9B9C000FF3196 /* Pet-Monster.app */;
			productType = "com.apple.product-type.application";
		};
/* End PBXNativeTarget section */

/* Begin PBXProject section */
		94329F431CA9B9C000FF3196 /* Project object */ = {
			isa = PBXProject;
			attributes = {
				LastSwiftUpdateCheck = 0730;
				LastUpgradeCheck = 0730;
				ORGANIZATIONNAME = "Ryan Alexander Mansker";
				TargetAttributes = {
					94329F4A1CA9B9C000FF3196 = {
						CreatedOnToolsVersion = 7.3;
					};
				};
			};
			buildConfigurationList = 94329F461CA9B9C000FF3196 /* Build configuration list for PBXProject "Pet-Monster" */;
			compatibilityVersion = "Xcode 3.2";
			developmentRegion = English;
			hasScannedForEncodings = 0;
			knownRegions = (
				en,
				Base,
			);
			mainGroup = 94329F421CA9B9C000FF3196;
			productRefGroup = 94329F4C1CA9B9C000FF3196 /* Products */;
			projectDirPath = "";
			projectRoot = "";
			targets = (
				94329F4A1CA9B9C000FF3196 /* Pet-Monster */,
			);
		};
/* End PBXProject section */

/* Begin PBXResourcesBuildPhase section */
		94329F491CA9B9C000FF3196 /* Resources */ = {
			isa = PBXResourcesBuildPhase;
			buildActionMask = 2147483647;
			files = (
				94329F591CA9B9C000FF3196 /* LaunchScreen.storyboard in Resources */,
				94329F561CA9B9C000FF3196 /* Assets.xcassets in Resources */,
				94329F541CA9B9C000FF3196 /* Main.storyboard in Resources */,
			);
			runOnlyForDeploymentPostprocessing = 0;
		};
/* End PBXResourcesBuildPhase section */

/* Begin PBXSourcesBuildPhase section */
		94329F471CA9B9C000FF3196 /* Sources */ = {
			isa = PBXSourcesBuildPhase;
			buildActionMask = 2147483647;
			files = (
				94329F511CA9B9C000FF3196 /* ViewController.swift in Sources */,
				94329F4F1CA9B9C000FF3196 /* AppDelegate.swift in Sources */,
			);
			runOnlyForDeploymentPostprocessing = 0;
		};
/* End PBXSourcesBuildPhase section */

/* Begin PBXVariantGroup section */
		94329F521CA9B9C000FF3196 /* Main.storyboard */ = {
			isa = PBXVariantGroup;
			children = (
				94329F531CA9B9C000FF3196 /* Base */,
			);
			name = Main.storyboard;
			sourceTree = "<group>";
		};
		94329F571CA9B9C000FF3196 /* LaunchScreen.storyboard */ = {
			isa = PBXVariantGroup;
			children = (
				94329F581CA9B9C000FF3196 /* Base */,
			);
			name = LaunchScreen.storyboard;
			sourceTree = "<group>";
		};
/* End PBXVariantGroup section */

/* Begin XCBuildConfiguration section */
		94329F5B1CA9B9C000FF3196 /* Debug */ = {
			isa = XCBuildConfiguration;
			buildSettings = {
				ALWAYS_SEARCH_USER_PATHS = NO;
				CLANG_ANALYZER_NONNULL = YES;
				CLANG_CXX_LANGUAGE_STANDARD = "gnu++0x";
				CLANG_CXX_LIBRARY = "libc++";
				CLANG_ENABLE_MODULES = YES;
				CLANG_ENABLE_OBJC_ARC = YES;
				CLANG_WARN_BOOL_CONVERSION = YES;
				CLANG_WARN_CONSTANT_CONVERSION = YES;
				CLANG_WARN_DIRECT_OBJC_ISA_USAGE = YES_ERROR;
				CLANG_WARN_EMPTY_BODY = YES;
				CLANG_WARN_ENUM_CONVERSION = YES;
				CLANG_WARN_INT_CONVERSION = YES;
				CLANG_WARN_OBJC_ROOT_CLASS = YES_ERROR;
				CLANG_WARN_UNREACHABLE_CODE = YES;
				CLANG_WARN__DUPLICATE_METHOD_MATCH = YES;
				"CODE_SIGN_IDENTITY[sdk=iphoneos*]" = "iPhone Developer";
				COPY_PHASE_STRIP = NO;
				DEBUG_INFORMATION_FORMAT = dwarf;
				ENABLE_STRICT_OBJC_MSGSEND = YES;
				ENABLE_TESTABILITY = YES;
				GCC_C_LANGUAGE_STANDARD = gnu99;
				GCC_DYNAMIC_NO_PIC = NO;
				GCC_NO_COMMON_BLOCKS = YES;
				GCC_OPTIMIZATION_LEVEL = 0;
				GCC_PREPROCESSOR_DEFINITIONS = (
					"DEBUG=1",
					"$(inherited)",
				);
				GCC_WARN_64_TO_32_BIT_CONVERSION = YES;
				GCC_WARN_ABOUT_RETURN_TYPE = YES_ERROR;
				GCC_WARN_UNDECLARED_SELECTOR = YES;
				GCC_WARN_UNINITIALIZED_AUTOS = YES_AGGRESSIVE;
				GCC_WARN_UNUSED_FUNCTION = YES;
				GCC_WARN_UNUSED_VARIABLE = YES;
				IPHONEOS_DEPLOYMENT_TARGET = 9.3;
				MTL_ENABLE_DEBUG_INFO = YES;
				ONLY_ACTIVE_ARCH = YES;
				SDKROOT = iphoneos;
				SWIFT_OPTIMIZATION_LEVEL = "-Onone";
				TARGETED_DEVICE_FAMILY = "1,2";
			};
			name = Debug;
		};
		94329F5C1CA9B9C000FF3196 /* Release */ = {
			isa = XCBuildConfiguration;
			buildSettings = {
				ALWAYS_SEARCH_USER_PATHS = NO;
				CLANG_ANALYZER_NONNULL = YES;
				CLANG_CXX_LANGUAGE_STANDARD = "gnu++0x";
				CLANG_CXX_LIBRARY = "libc++";
				CLANG_ENABLE_MODULES = YES;
				CLANG_ENABLE_OBJC_ARC = YES;
				CLANG_WARN_BOOL_CONVERSION = YES;
				CLANG_WARN_CONSTANT_CONVERSION = YES;
				CLANG_WARN_DIRECT_OBJC_ISA_USAGE = YES_ERROR;
				CLANG_WARN_EMPTY_BODY = YES;
				CLANG_WARN_ENUM_CONVERSION = YES;
				CLANG_WARN_INT_CONVERSION = YES;
				CLANG_WARN_OBJC_ROOT_CLASS = YES_ERROR;
				CLANG_WARN_UNREACHABLE_CODE = YES;
				CLANG_WARN__DUPLICATE_METHOD_MATCH = YES;
				"CODE_SIGN_IDENTITY[sdk=iphoneos*]" = "iPhone Developer";
				COPY_PHASE_STRIP = NO;
				DEBUG_INFORMATION_FORMAT = "dwarf-with-dsym";
				ENABLE_NS_ASSERTIONS = NO;
				ENABLE_STRICT_OBJC_MSGSEND = YES;
				GCC_C_LANGUAGE_STANDARD = gnu99;
				GCC_NO_COMMON_BLOCKS = YES;
				GCC_WARN_64_TO_32_BIT_CONVERSION = YES;
				GCC_WARN_ABOUT_RETURN_TYPE = YES_ERROR;
				GCC_WARN_UNDECLARED_SELECTOR = YES;
				GCC_WARN_UNINITIALIZED_AUTOS = YES_AGGRESSIVE;
				GCC_WARN_UNUSED_FUNCTION = YES;
				GCC_WARN_UNUSED_VARIABLE = YES;
				IPHONEOS_DEPLOYMENT_TARGET = 9.3;
				MTL_ENABLE_DEBUG_INFO = NO;
				SDKROOT = iphoneos;
				TARGETED_DEVICE_FAMILY = "1,2";
				VALIDATE_PRODUCT = YES;
			};
			name = Release;
		};
		94329F5E1CA9B9C000FF3196 /* Debug */ = {
			isa = XCBuildConfiguration;
			buildSettings = {
				ASSETCATALOG_COMPILER_APPICON_NAME = AppIcon;
				INFOPLIST_FILE = "Pet-Monster/Info.plist";
				LD_RUNPATH_SEARCH_PATHS = "$(inherited) @executable_path/Frameworks";
				PRODUCT_BUNDLE_IDENTIFIER = "com.example.Pet-Monster";
				PRODUCT_NAME = "$(TARGET_NAME)";
			};
			name = Debug;
		};
		94329F5F1CA9B9C000FF3196 /* Release */ = {
			isa = XCBuildConfiguration;
			buildSettings = {
				ASSETCATALOG_COMPILER_APPICON_NAME = AppIcon;
				INFOPLIST_FILE = "Pet-Monster/Info.plist";
				LD_RUNPATH_SEARCH_PATHS = "$(inherited) @executable_path/Frameworks";
				PRODUCT_BUNDLE_IDENTIFIER = "com.example.Pet-Monster";
				PRODUCT_NAME = "$(TARGET_NAME)";
			};
			name = Release;
		};
/* End XCBuildConfiguration section */

/* Begin XCConfigurationList section */
		94329F461CA9B9C000FF3196 /* Build configuration list for PBXProject "Pet-Monster" */ = {
			isa = XCConfigurationList;
			buildConfigurations = (
				94329F5B1CA9B9C000FF3196 /* Debug */,
				94329F5C1CA9B9C000FF3196 /* Release */,
			);
			defaultConfigurationIsVisible = 0;
			defaultConfigurationName = Release;
		};
		94329F5D1CA9B9C000FF3196 /* Build configuration list for PBXNativeTarget "Pet-Monster" */ = {
			isa = XCConfigurationList;
			buildConfigurations = (
				94329F5E1CA9B9C000FF3196 /* Debug */,
				94329F5F1CA9B9C000FF3196 /* Release */,
			);
			defaultConfigurationIsVisible = 0;
		};
/* End XCConfigurationList section */
	};
	rootObject = 94329F431CA9B9C000FF3196 /* Project object */;
}
